lockfileVersion: 5.4

specifiers:
    "@types/react": 18.0.21

devDependencies:
    "@types/react": 18.0.21

packages:
    /@types/prop-types/15.7.5:
        resolution: {integrity: sha512-JCB8C6SnDoQf0cNycqd/35A7MjcnK+ZTqE7judS6o7utxUCg6imJg3QK2qzHKszlTjcj2cn+NwMB2i96ubpj7w==}
        dev: true

    /@types/react/18.0.21:
        resolution: {integrity: sha512-7QUCOxvFgnD5Jk8ZKlUAhVcRj7GuJRjnjjiY/IUBWKgOlnvDvTMLD4RTF7NPyVmbRhNrbomZiOepg7M/2Kj1mA==}
        dependencies:
            "@types/prop-types": 15.7.5
            "@types/scheduler": 0.16.2
            csstype: 3.1.1
        dev: true

    /@types/scheduler/0.16.2:
        resolution: {integrity: sha512-hppQEBDmlwhFAXKJX2KnWLYu5yMfi91yazPb2l+lbJiwW+wdo1gNeRA+3RgNSO39WYX2euey41KEwnqesU2Jew==}
        dev: true

    /csstype/3.1.1:
        resolution: {integrity: sha512-DJR/VvkAvSZW9bTouZue2sSxDwdTN92uHjqeKVm+0dAqdfNykRzQ95tay8aXMBAAPpUiq4Qcug2L7neoRh2Egw==}
        dev: true
